
Microsoft Visual Studio Solution File, Format Version 12.00
# Visual Studio Version 16
VisualStudioVersion = 16.0.31624.102
MinimumVisualStudioVersion = 10.0.40219.1
Project("{FAE04EC0-301F-11D3-BF4B-00C04F79EFBC}") = "leave-managment", "leave-managment\leave-managment.csproj", "{F36C1162-A250-4EBD-B58C-9DEBFDB51C3D}"
EndProject
Global
	GlobalSection(SolutionConfigurationPlatforms) = preSolution
		Debug|Any CPU = Debug|Any CPU
		Release|Any CPU = Release|Any CPU
	EndGlobalSection
	GlobalSection(ProjectConfigurationPlatforms) = postSolution
		{F36C1162-A250-4EBD-B58C-9DEBFDB51C3D}.Debug|Any CPU.ActiveCfg = Debug|Any CPU
		{F36C1162-A250-4EBD-B58C-9DEBFDB51C3D}.Debug|Any CPU.Build.0 = Debug|Any CPU
		{F36C1162-A250-4EBD-B58C-9DEBFDB51C3D}.Release|Any CPU.ActiveCfg = Release|Any CPU
		{F36C1162-A250-4EBD-B58C-9DEBFDB51C3D}.Release|Any CPU.Build.0 = Release|Any CPU
	EndGlobalSection
	GlobalSection(SolutionProperties) = preSolution
		HideSolutionNode = FALSE
	EndGlobalSection
	GlobalSection(ExtensibilityGlobals) = postSolution
		SolutionGuid = {7BA0AA6F-B171-460A-BFD4-A5A4812A14AF}
	EndGlobalSection
EndGlobal
